
Microsoft Visual Studio Solution File, Format Version 12.00
# Visual Studio 14
VisualStudioVersion = 14.0.25123.0
MinimumVisualStudioVersion = 10.0.40219.1
Project("{FAE04EC0-301F-11D3-BF4B-00C04F79EFBC}") = "TestApp.Web", "TestApp.Web\TestApp.Web.csproj", "{004CFDFB-2B74-462E-ADBD-CF03528DA249}"
EndProject
Project("{FAE04EC0-301F-11D3-BF4B-00C04F79EFBC}") = "TestApp.Web.Tests", "TestApp.Web.Tests\TestApp.Web.Tests.csproj", "{EA8C84D3-357F-48E5-957F-C6862A69ADD3}"
EndProject
Project("{FAE04EC0-301F-11D3-BF4B-00C04F79EFBC}") = "TestApp.Data", "TestApp.Data\TestApp.Data.csproj", "{655F5F83-BE81-4B06-B42C-06BC4F399A41}"
EndProject
Project("{FAE04EC0-301F-11D3-BF4B-00C04F79EFBC}") = "TestApp.SelfHostedRESTSevice", "TestApp.SelfHostedRESTSevice\TestApp.SelfHostedRESTSevice.csproj", "{D9A8B19B-366C-4178-81CA-38A334C53BE5}"
EndProject
Global
	GlobalSection(SolutionConfigurationPlatforms) = preSolution
		Debug|Any CPU = Debug|Any CPU
		Release|Any CPU = Release|Any CPU
	EndGlobalSection
	GlobalSection(ProjectConfigurationPlatforms) = postSolution
		{004CFDFB-2B74-462E-ADBD-CF03528DA249}.Debug|Any CPU.ActiveCfg = Debug|Any CPU
		{004CFDFB-2B74-462E-ADBD-CF03528DA249}.Debug|Any CPU.Build.0 = Debug|Any CPU
		{004CFDFB-2B74-462E-ADBD-CF03528DA249}.Release|Any CPU.ActiveCfg = Release|Any CPU
		{004CFDFB-2B74-462E-ADBD-CF03528DA249}.Release|Any CPU.Build.0 = Release|Any CPU
		{EA8C84D3-357F-48E5-957F-C6862A69ADD3}.Debug|Any CPU.ActiveCfg = Debug|Any CPU
		{EA8C84D3-357F-48E5-957F-C6862A69ADD3}.Debug|Any CPU.Build.0 = Debug|Any CPU
		{EA8C84D3-357F-48E5-957F-C6862A69ADD3}.Release|Any CPU.ActiveCfg = Release|Any CPU
		{EA8C84D3-357F-48E5-957F-C6862A69ADD3}.Release|Any CPU.Build.0 = Release|Any CPU
		{655F5F83-BE81-4B06-B42C-06BC4F399A41}.Debug|Any CPU.ActiveCfg = Debug|Any CPU
		{655F5F83-BE81-4B06-B42C-06BC4F399A41}.Debug|Any CPU.Build.0 = Debug|Any CPU
		{655F5F83-BE81-4B06-B42C-06BC4F399A41}.Release|Any CPU.ActiveCfg = Release|Any CPU
		{655F5F83-BE81-4B06-B42C-06BC4F399A41}.Release|Any CPU.Build.0 = Release|Any CPU
		{D9A8B19B-366C-4178-81CA-38A334C53BE5}.Debug|Any CPU.ActiveCfg = Debug|Any CPU
		{D9A8B19B-366C-4178-81CA-38A334C53BE5}.Debug|Any CPU.Build.0 = Debug|Any CPU
		{D9A8B19B-366C-4178-81CA-38A334C53BE5}.Release|Any CPU.ActiveCfg = Release|Any CPU
		{D9A8B19B-366C-4178-81CA-38A334C53BE5}.Release|Any CPU.Build.0 = Release|Any CPU
	EndGlobalSection
	GlobalSection(SolutionProperties) = preSolution
		HideSolutionNode = FALSE
	EndGlobalSection
EndGlobal
